
Microsoft Visual Studio Solution File, Format Version 12.00
# Visual Studio Version 17
VisualStudioVersion = 17.4.33213.308
MinimumVisualStudioVersion = 10.0.40219.1
Project("{FAE04EC0-301F-11D3-BF4B-00C04F79EFBC}") = "FinalProject", "FinalProject.csproj", "{ED1D8096-53A5-467A-9C10-6C8AA32870C5}"
EndProject
Global
	GlobalSection(SolutionConfigurationPlatforms) = preSolution
		Debug|Any CPU = Debug|Any CPU
		Release|Any CPU = Release|Any CPU
	EndGlobalSection
	GlobalSection(ProjectConfigurationPlatforms) = postSolution
		{ED1D8096-53A5-467A-9C10-6C8AA32870C5}.Debug|Any CPU.ActiveCfg = Debug|Any CPU
		{ED1D8096-53A5-467A-9C10-6C8AA32870C5}.Debug|Any CPU.Build.0 = Debug|Any CPU
		{ED1D8096-53A5-467A-9C10-6C8AA32870C5}.Release|Any CPU.ActiveCfg = Release|Any CPU
		{ED1D8096-53A5-467A-9C10-6C8AA32870C5}.Release|Any CPU.Build.0 = Release|Any CPU
	EndGlobalSection
	GlobalSection(SolutionProperties) = preSolution
		HideSolutionNode = FALSE
	EndGlobalSection
	GlobalSection(ExtensibilityGlobals) = postSolution
		SolutionGuid = {1D08EDC4-8925-47A9-83C7-07B8D7EFBB5F}
	EndGlobalSection
EndGlobal
